
Microsoft Visual Studio Solution File, Format Version 12.00
# Visual Studio Version 16
VisualStudioVersion = 16.0.31829.152
MinimumVisualStudioVersion = 10.0.40219.1
Project("{FAE04EC0-301F-11D3-BF4B-00C04F79EFBC}") = "KG_Lab3", "KG_Lab3\KG_Lab3.csproj", "{8F6A7059-0CD3-429D-80F8-B077D6077D48}"
EndProject
Global
	GlobalSection(SolutionConfigurationPlatforms) = preSolution
		Debug|Any CPU = Debug|Any CPU
		Release|Any CPU = Release|Any CPU
	EndGlobalSection
	GlobalSection(ProjectConfigurationPlatforms) = postSolution
		{8F6A7059-0CD3-429D-80F8-B077D6077D48}.Debug|Any CPU.ActiveCfg = Debug|Any CPU
		{8F6A7059-0CD3-429D-80F8-B077D6077D48}.Debug|Any CPU.Build.0 = Debug|Any CPU
		{8F6A7059-0CD3-429D-80F8-B077D6077D48}.Release|Any CPU.ActiveCfg = Release|Any CPU
		{8F6A7059-0CD3-429D-80F8-B077D6077D48}.Release|Any CPU.Build.0 = Release|Any CPU
	EndGlobalSection
	GlobalSection(SolutionProperties) = preSolution
		HideSolutionNode = FALSE
	EndGlobalSection
	GlobalSection(ExtensibilityGlobals) = postSolution
		SolutionGuid = {82B7B5E6-3EF0-4FDE-918C-F71A6E161560}
	EndGlobalSection
EndGlobal
